
Microsoft Visual Studio Solution File, Format Version 12.00
# Visual Studio Version 16
VisualStudioVersion = 16.0.31515.178
MinimumVisualStudioVersion = 10.0.40219.1
Project("{FAE04EC0-301F-11D3-BF4B-00C04F79EFBC}") = "TaskOne", "TaskOne\TaskOne.csproj", "{1E054D27-DC8C-4AD8-971C-1EACC53A7FEB}"
EndProject
Project("{FAE04EC0-301F-11D3-BF4B-00C04F79EFBC}") = "TaskTwo", "TaskTwo\TaskTwo.csproj", "{9EF8070A-F58D-4B62-B360-D5C33528F3A3}"
EndProject
Global
	GlobalSection(SolutionConfigurationPlatforms) = preSolution
		Debug|Any CPU = Debug|Any CPU
		Release|Any CPU = Release|Any CPU
	EndGlobalSection
	GlobalSection(ProjectConfigurationPlatforms) = postSolution
		{1E054D27-DC8C-4AD8-971C-1EACC53A7FEB}.Debug|Any CPU.ActiveCfg = Debug|Any CPU
		{1E054D27-DC8C-4AD8-971C-1EACC53A7FEB}.Debug|Any CPU.Build.0 = Debug|Any CPU
		{1E054D27-DC8C-4AD8-971C-1EACC53A7FEB}.Release|Any CPU.ActiveCfg = Release|Any CPU
		{1E054D27-DC8C-4AD8-971C-1EACC53A7FEB}.Release|Any CPU.Build.0 = Release|Any CPU
		{9EF8070A-F58D-4B62-B360-D5C33528F3A3}.Debug|Any CPU.ActiveCfg = Debug|Any CPU
		{9EF8070A-F58D-4B62-B360-D5C33528F3A3}.Debug|Any CPU.Build.0 = Debug|Any CPU
		{9EF8070A-F58D-4B62-B360-D5C33528F3A3}.Release|Any CPU.ActiveCfg = Release|Any CPU
		{9EF8070A-F58D-4B62-B360-D5C33528F3A3}.Release|Any CPU.Build.0 = Release|Any CPU
	EndGlobalSection
	GlobalSection(SolutionProperties) = preSolution
		HideSolutionNode = FALSE
	EndGlobalSection
	GlobalSection(ExtensibilityGlobals) = postSolution
		SolutionGuid = {CC33AEC6-F1FD-4145-A40E-0CB4ED089B34}
	EndGlobalSection
EndGlobal
